{
  "name": "wasm-project",
  "version": "1.0.0",
  "lockfileVersion": 2,
  "requires": true,
  "packages": {
    "": {
      "name": "wasm-project",
      "version": "1.0.0",
      "license": "ISC",
      "devDependencies": {
        "@assemblyscript/loader": "^0.27.6",
        "typescript": "^5.1.6"
      }
    },
    "node_modules/@assemblyscript/loader": {
      "version": "0.27.6",
      "resolved": "https://registry.npmjs.org/@assemblyscript/loader/-/loader-0.27.6.tgz",
      "integrity": "sha512-6THiEhaQxW4myVzgWa/6LNbJN1V1NFDR9zKyw0ti8GJg1BYdkHSHWJ7PlFf4dsJNp8bFtsJMsbe1SxTeGJpWzg==",
      "dev": true
    },
    "node_modules/typescript": {
      "version": "5.1.6",
      "resolved": "https://registry.npmjs.org/typescript/-/typescript-5.1.6.tgz",
      "integrity": "sha512-zaWCozRZ6DLEWAWFrVDz1H6FVXzUSfTy5FUMWsQlU8Ym5JP9eO4xkTIROFCQvhQf61z6O/G6ugw3SgAnvvm+HA==",
      "dev": true,
      "bin": {
        "tsc": "bin/tsc",
        "tsserver": "bin/tsserver"
      },
      "engines": {
        "node": ">=14.17"
      }
    }
  },
  "dependencies": {
    "@assemblyscript/loader": {
      "version": "0.27.6",
      "resolved": "https://registry.npmjs.org/@assemblyscript/loader/-/loader-0.27.6.tgz",
      "integrity": "sha512-6THiEhaQxW4myVzgWa/6LNbJN1V1NFDR9zKyw0ti8GJg1BYdkHSHWJ7PlFf4dsJNp8bFtsJMsbe1SxTeGJpWzg==",
      "dev": true
    },
    "typescript": {
      "version": "5.1.6",
      "resolved": "https://registry.npmjs.org/typescript/-/typescript-5.1.6.tgz",
      "integrity": "sha512-zaWCozRZ6DLEWAWFrVDz1H6FVXzUSfTy5FUMWsQlU8Ym5JP9eO4xkTIROFCQvhQf61z6O/G6ugw3SgAnvvm+HA==",
      "dev": true
    }
  }
}
